
Microsoft Visual Studio Solution File, Format Version 12.00
# Visual Studio Version 17
VisualStudioVersion = 17.6.33829.357
MinimumVisualStudioVersion = 10.0.40219.1
Project("{FAE04EC0-301F-11D3-BF4B-00C04F79EFBC}") = "MyApp", "MyApp\MyApp.csproj", "{A15A1AB5-111D-4A60-A90D-109257327669}"
EndProject
Global
	GlobalSection(SolutionConfigurationPlatforms) = preSolution
		Debug|Any CPU = Debug|Any CPU
		Release|Any CPU = Release|Any CPU
	EndGlobalSection
	GlobalSection(ProjectConfigurationPlatforms) = postSolution
		{A15A1AB5-111D-4A60-A90D-109257327669}.Debug|Any CPU.ActiveCfg = Debug|Any CPU
		{A15A1AB5-111D-4A60-A90D-109257327669}.Debug|Any CPU.Build.0 = Debug|Any CPU
		{A15A1AB5-111D-4A60-A90D-109257327669}.Release|Any CPU.ActiveCfg = Release|Any CPU
		{A15A1AB5-111D-4A60-A90D-109257327669}.Release|Any CPU.Build.0 = Release|Any CPU
	EndGlobalSection
	GlobalSection(SolutionProperties) = preSolution
		HideSolutionNode = FALSE
	EndGlobalSection
	GlobalSection(ExtensibilityGlobals) = postSolution
		SolutionGuid = {1562FD8E-1027-4F64-930C-308EF5C9A855}
	EndGlobalSection
EndGlobal
